// !$*UTF8*$!
{
	archiveVersion = 1;
	classes = {
	};
	objectVersion = 56;
	objects = {

/* Begin PBXBuildFile section */
		61DA89B229D85A7C00F98999 /* AppDelegate.swift in Sources */ = {isa = PBXBuildFile; fileRef = 61DA89B129D85A7C00F98999 /* AppDelegate.swift */; };
		61DA89B429D85A7C00F98999 /* SceneDelegate.swift in Sources */ = {isa = PBXBuildFile; fileRef = 61DA89B329D85A7C00F98999 /* SceneDelegate.swift */; };
		61DA89BB29D85A7D00F98999 /* Assets.xcassets in Resources */ = {isa = PBXBuildFile; fileRef = 61DA89BA29D85A7D00F98999 /* Assets.xcassets */; };
		61DA89BE29D85A7D00F98999 /* LaunchScreen.storyboard in Resources */ = {isa = PBXBuildFile; fileRef = 61DA89BC29D85A7D00F98999 /* LaunchScreen.storyboard */; };
		61DA89E329D85B3500F98999 /* StartUpCoordinator.swift in Sources */ = {isa = PBXBuildFile; fileRef = 61DA89E229D85B3500F98999 /* StartUpCoordinator.swift */; };
		61DA89E529D85C6700F98999 /* HomeViewController.swift in Sources */ = {isa = PBXBuildFile; fileRef = 61DA89E429D85C6700F98999 /* HomeViewController.swift */; };
		61DA89E729D8767900F98999 /* HomeCoordinator.swift in Sources */ = {isa = PBXBuildFile; fileRef = 61DA89E629D8767900F98999 /* HomeCoordinator.swift */; };
		61DA89EC29D87AA900F98999 /* Constant.swift in Sources */ = {isa = PBXBuildFile; fileRef = 61DA89EB29D87AA900F98999 /* Constant.swift */; };
		61DA89EE29D87AD600F98999 /* HomeViewModel.swift in Sources */ = {isa = PBXBuildFile; fileRef = 61DA89ED29D87AD600F98999 /* HomeViewModel.swift */; };
		61DA89F029D87B3000F98999 /* HomeCoordinatorType.swift in Sources */ = {isa = PBXBuildFile; fileRef = 61DA89EF29D87B3000F98999 /* HomeCoordinatorType.swift */; };
		61DA89F329D87F3000F98999 /* LotteryRepository.swift in Sources */ = {isa = PBXBuildFile; fileRef = 61DA89F229D87F3000F98999 /* LotteryRepository.swift */; };
		61DA89F529D87F3900F98999 /* LotteryRepositoryType.swift in Sources */ = {isa = PBXBuildFile; fileRef = 61DA89F429D87F3900F98999 /* LotteryRepositoryType.swift */; };
		61DA89F829D87F5F00F98999 /* Order.swift in Sources */ = {isa = PBXBuildFile; fileRef = 61DA89F729D87F5F00F98999 /* Order.swift */; };
		61DA89FA29D87F6900F98999 /* OrderRepository.swift in Sources */ = {isa = PBXBuildFile; fileRef = 61DA89F929D87F6900F98999 /* OrderRepository.swift */; };
		61DA89FC29D87F7100F98999 /* OrderRepositoryType.swift in Sources */ = {isa = PBXBuildFile; fileRef = 61DA89FB29D87F7100F98999 /* OrderRepositoryType.swift */; };
		61DA8A0029D881A000F98999 /* HomeViewModelTests.swift in Sources */ = {isa = PBXBuildFile; fileRef = 61DA89FF29D881A000F98999 /* HomeViewModelTests.swift */; };
/* End PBXBuildFile section */

/* Begin PBXContainerItemProxy section */
		61DA89C529D85A7D00F98999 /* PBXContainerItemProxy */ = {
			isa = PBXContainerItemProxy;
			containerPortal = 61DA89A629D85A7C00F98999 /* Project object */;
			proxyType = 1;
			remoteGlobalIDString = 61DA89AD29D85A7C00F98999;
			remoteInfo = "MVVMC-Demo";
		};
/* End PBXContainerItemProxy section */

/* Begin PBXFileReference section */
		61DA89AE29D85A7C00F98999 /* MVVMC-Demo.app */ = {isa = PBXFileReference; explicitFileType = wrapper.application; includeInIndex = 0; path = "MVVMC-Demo.app"; sourceTree = BUILT_PRODUCTS_DIR; };
		61DA89B129D85A7C00F98999 /* AppDelegate.swift */ = {isa = PBXFileReference; lastKnownFileType = sourcecode.swift; path = AppDelegate.swift; sourceTree = "<group>"; };
		61DA89B329D85A7C00F98999 /* SceneDelegate.swift */ = {isa = PBXFileReference; lastKnownFileType = sourcecode.swift; path = SceneDelegate.swift; sourceTree = "<group>"; };
		61DA89BA29D85A7D00F98999 /* Assets.xcassets */ = {isa = PBXFileReference; lastKnownFileType = folder.assetcatalog; path = Assets.xcassets; sourceTree = "<group>"; };
		61DA89BD29D85A7D00F98999 /* Base */ = {isa = PBXFileReference; lastKnownFileType = file.storyboard; name = Base; path = Base.lproj/LaunchScreen.storyboard; sourceTree = "<group>"; };
		61DA89BF29D85A7D00F98999 /* Info.plist */ = {isa = PBXFileReference; lastKnownFileType = text.plist.xml; path = Info.plist; sourceTree = "<group>"; };
		61DA89C429D85A7D00F98999 /* MVVMC-DemoTests.xctest */ = {isa = PBXFileReference; explicitFileType = wrapper.cfbundle; includeInIndex = 0; path = "MVVMC-DemoTests.xctest"; sourceTree = BUILT_PRODUCTS_DIR; };
		61DA89E229D85B3500F98999 /* StartUpCoordinator.swift */ = {isa = PBXFileReference; lastKnownFileType = sourcecode.swift; path = StartUpCoordinator.swift; sourceTree = "<group>"; };
		61DA89E429D85C6700F98999 /* HomeViewController.swift */ = {isa = PBXFileReference; lastKnownFileType = sourcecode.swift; path = HomeViewController.swift; sourceTree = "<group>"; };
		61DA89E629D8767900F98999 /* HomeCoordinator.swift */ = {isa = PBXFileReference; lastKnownFileType = sourcecode.swift; path = HomeCoordinator.swift; sourceTree = "<group>"; };
		61DA89EB29D87AA900F98999 /* Constant.swift */ = {isa = PBXFileReference; lastKnownFileType = sourcecode.swift; path = Constant.swift; sourceTree = "<group>"; };
		61DA89ED29D87AD600F98999 /* HomeViewModel.swift */ = {isa = PBXFileReference; lastKnownFileType = sourcecode.swift; path = HomeViewModel.swift; sourceTree = "<group>"; };
		61DA89EF29D87B3000F98999 /* HomeCoordinatorType.swift */ = {isa = PBXFileReference; lastKnownFileType = sourcecode.swift; path = HomeCoordinatorType.swift; sourceTree = "<group>"; };
		61DA89F229D87F3000F98999 /* LotteryRepository.swift */ = {isa = PBXFileReference; lastKnownFileType = sourcecode.swift; path = LotteryRepository.swift; sourceTree = "<group>"; };
		61DA89F429D87F3900F98999 /* LotteryRepositoryType.swift */ = {isa = PBXFileReference; lastKnownFileType = sourcecode.swift; path = LotteryRepositoryType.swift; sourceTree = "<group>"; };
		61DA89F729D87F5F00F98999 /* Order.swift */ = {isa = PBXFileReference; lastKnownFileType = sourcecode.swift; path = Order.swift; sourceTree = "<group>"; };
		61DA89F929D87F6900F98999 /* OrderRepository.swift */ = {isa = PBXFileReference; lastKnownFileType = sourcecode.swift; path = OrderRepository.swift; sourceTree = "<group>"; };
		61DA89FB29D87F7100F98999 /* OrderRepositoryType.swift */ = {isa = PBXFileReference; lastKnownFileType = sourcecode.swift; path = OrderRepositoryType.swift; sourceTree = "<group>"; };
		61DA89FF29D881A000F98999 /* HomeViewModelTests.swift */ = {isa = PBXFileReference; lastKnownFileType = sourcecode.swift; path = HomeViewModelTests.swift; sourceTree = "<group>"; };
/* End PBXFileReference section */

/* Begin PBXFrameworksBuildPhase section */
		61DA89AB29D85A7C00F98999 /* Frameworks */ = {
			isa = PBXFrameworksBuildPhase;
			buildActionMask = 2147483647;
			files = (
			);
			runOnlyForDeploymentPostprocessing = 0;
		};
		61DA89C129D85A7D00F98999 /* Frameworks */ = {
			isa = PBXFrameworksBuildPhase;
			buildActionMask = 2147483647;
			files = (
			);
			runOnlyForDeploymentPostprocessing = 0;
		};
/* End PBXFrameworksBuildPhase section */

/* Begin PBXGroup section */
		61DA89A529D85A7C00F98999 = {
			isa = PBXGroup;
			children = (
				61DA89B029D85A7C00F98999 /* MVVMC-Demo */,
				61DA89C729D85A7D00F98999 /* MVVMC-DemoTests */,
				61DA89AF29D85A7C00F98999 /* Products */,
			);
			sourceTree = "<group>";
		};
		61DA89AF29D85A7C00F98999 /* Products */ = {
			isa = PBXGroup;
			children = (
				61DA89AE29D85A7C00F98999 /* MVVMC-Demo.app */,
				61DA89C429D85A7D00F98999 /* MVVMC-DemoTests.xctest */,
			);
			name = Products;
			sourceTree = "<group>";
		};
		61DA89B029D85A7C00F98999 /* MVVMC-Demo */ = {
			isa = PBXGroup;
			children = (
				61DA89EA29D87A8E00F98999 /* AppModel */,
				61DA89E129D85B1900F98999 /* Coordinator */,
				61DA89E829D8781600F98999 /* Modules */,
				61DA89F129D87F1A00F98999 /* Repository */,
				61DA89B129D85A7C00F98999 /* AppDelegate.swift */,
				61DA89B329D85A7C00F98999 /* SceneDelegate.swift */,
				61DA89BA29D85A7D00F98999 /* Assets.xcassets */,
				61DA89BC29D85A7D00F98999 /* LaunchScreen.storyboard */,
				61DA89BF29D85A7D00F98999 /* Info.plist */,
			);
			path = "MVVMC-Demo";
			sourceTree = "<group>";
		};
		61DA89C729D85A7D00F98999 /* MVVMC-DemoTests */ = {
			isa = PBXGroup;
			children = (
				61DA89FD29D8815900F98999 /* Modules */,
			);
			path = "MVVMC-DemoTests";
			sourceTree = "<group>";
		};
		61DA89E129D85B1900F98999 /* Coordinator */ = {
			isa = PBXGroup;
			children = (
				61DA89E229D85B3500F98999 /* StartUpCoordinator.swift */,
				61DA89E629D8767900F98999 /* HomeCoordinator.swift */,
			);
			path = Coordinator;
			sourceTree = "<group>";
		};
		61DA89E829D8781600F98999 /* Modules */ = {
			isa = PBXGroup;
			children = (
				61DA89E929D8782700F98999 /* Home */,
			);
			path = Modules;
			sourceTree = "<group>";
		};
		61DA89E929D8782700F98999 /* Home */ = {
			isa = PBXGroup;
			children = (
				61DA89E429D85C6700F98999 /* HomeViewController.swift */,
				61DA89ED29D87AD600F98999 /* HomeViewModel.swift */,
				61DA89EF29D87B3000F98999 /* HomeCoordinatorType.swift */,
			);
			path = Home;
			sourceTree = "<group>";
		};
		61DA89EA29D87A8E00F98999 /* AppModel */ = {
			isa = PBXGroup;
			children = (
				61DA89EB29D87AA900F98999 /* Constant.swift */,
			);
			path = AppModel;
			sourceTree = "<group>";
		};
		61DA89F129D87F1A00F98999 /* Repository */ = {
			isa = PBXGroup;
			children = (
				61DA89F629D87F5200F98999 /* ApiModel */,
				61DA89F229D87F3000F98999 /* LotteryRepository.swift */,
				61DA89F429D87F3900F98999 /* LotteryRepositoryType.swift */,
				61DA89F929D87F6900F98999 /* OrderRepository.swift */,
				61DA89FB29D87F7100F98999 /* OrderRepositoryType.swift */,
			);
			path = Repository;
			sourceTree = "<group>";
		};
		61DA89F629D87F5200F98999 /* ApiModel */ = {
			isa = PBXGroup;
			children = (
				61DA89F729D87F5F00F98999 /* Order.swift */,
			);
			path = ApiModel;
			sourceTree = "<group>";
		};
		61DA89FD29D8815900F98999 /* Modules */ = {
			isa = PBXGroup;
			children = (
				61DA89FE29D8816200F98999 /* Home */,
			);
			path = Modules;
			sourceTree = "<group>";
		};
		61DA89FE29D8816200F98999 /* Home */ = {
			isa = PBXGroup;
			children = (
				61DA89FF29D881A000F98999 /* HomeViewModelTests.swift */,
			);
			path = Home;
			sourceTree = "<group>";
		};
/* End PBXGroup section */

/* Begin PBXNativeTarget section */
		61DA89AD29D85A7C00F98999 /* MVVMC-Demo */ = {
			isa = PBXNativeTarget;
			buildConfigurationList = 61DA89D829D85A7D00F98999 /* Build configuration list for PBXNativeTarget "MVVMC-Demo" */;
			buildPhases = (
				61DA89AA29D85A7C00F98999 /* Sources */,
				61DA89AB29D85A7C00F98999 /* Frameworks */,
				61DA89AC29D85A7C00F98999 /* Resources */,
			);
			buildRules = (
			);
			dependencies = (
			);
			name = "MVVMC-Demo";
			productName = "MVVMC-Demo";
			productReference = 61DA89AE29D85A7C00F98999 /* MVVMC-Demo.app */;
			productType = "com.apple.product-type.application";
		};
		61DA89C329D85A7D00F98999 /* MVVMC-DemoTests */ = {
			isa = PBXNativeTarget;
			buildConfigurationList = 61DA89DB29D85A7D00F98999 /* Build configuration list for PBXNativeTarget "MVVMC-DemoTests" */;
			buildPhases = (
				61DA89C029D85A7D00F98999 /* Sources */,
				61DA89C129D85A7D00F98999 /* Frameworks */,
				61DA89C229D85A7D00F98999 /* Resources */,
			);
			buildRules = (
			);
			dependencies = (
				61DA89C629D85A7D00F98999 /* PBXTargetDependency */,
			);
			name = "MVVMC-DemoTests";
			productName = "MVVMC-DemoTests";
			productReference = 61DA89C429D85A7D00F98999 /* MVVMC-DemoTests.xctest */;
			productType = "com.apple.product-type.bundle.unit-test";
		};
/* End PBXNativeTarget section */

/* Begin PBXProject section */
		61DA89A629D85A7C00F98999 /* Project object */ = {
			isa = PBXProject;
			attributes = {
				BuildIndependentTargetsInParallel = 1;
				LastSwiftUpdateCheck = 1420;
				LastUpgradeCheck = 1420;
				TargetAttributes = {
					61DA89AD29D85A7C00F98999 = {
						CreatedOnToolsVersion = 14.2;
					};
					61DA89C329D85A7D00F98999 = {
						CreatedOnToolsVersion = 14.2;
						TestTargetID = 61DA89AD29D85A7C00F98999;
					};
				};
			};
			buildConfigurationList = 61DA89A929D85A7C00F98999 /* Build configuration list for PBXProject "MVVMC-Demo" */;
			compatibilityVersion = "Xcode 14.0";
			developmentRegion = en;
			hasScannedForEncodings = 0;
			knownRegions = (
				en,
				Base,
			);
			mainGroup = 61DA89A529D85A7C00F98999;
			productRefGroup = 61DA89AF29D85A7C00F98999 /* Products */;
			projectDirPath = "";
			projectRoot = "";
			targets = (
				61DA89AD29D85A7C00F98999 /* MVVMC-Demo */,
				61DA89C329D85A7D00F98999 /* MVVMC-DemoTests */,
			);
		};
/* End PBXProject section */

/* Begin PBXResourcesBuildPhase section */
		61DA89AC29D85A7C00F98999 /* Resources */ = {
			isa = PBXResourcesBuildPhase;
			buildActionMask = 2147483647;
			files = (
				61DA89BE29D85A7D00F98999 /* LaunchScreen.storyboard in Resources */,
				61DA89BB29D85A7D00F98999 /* Assets.xcassets in Resources */,
			);
			runOnlyForDeploymentPostprocessing = 0;
		};
		61DA89C229D85A7D00F98999 /* Resources */ = {
			isa = PBXResourcesBuildPhase;
			buildActionMask = 2147483647;
			files = (
			);
			runOnlyForDeploymentPostprocessing = 0;
		};
/* End PBXResourcesBuildPhase section */

/* Begin PBXSourcesBuildPhase section */
		61DA89AA29D85A7C00F98999 /* Sources */ = {
			isa = PBXSourcesBuildPhase;
			buildActionMask = 2147483647;
			files = (
				61DA89F329D87F3000F98999 /* LotteryRepository.swift in Sources */,
				61DA89FC29D87F7100F98999 /* OrderRepositoryType.swift in Sources */,
				61DA89B229D85A7C00F98999 /* AppDelegate.swift in Sources */,
				61DA89E329D85B3500F98999 /* StartUpCoordinator.swift in Sources */,
				61DA89EE29D87AD600F98999 /* HomeViewModel.swift in Sources */,
				61DA89FA29D87F6900F98999 /* OrderRepository.swift in Sources */,
				61DA89F829D87F5F00F98999 /* Order.swift in Sources */,
				61DA89F029D87B3000F98999 /* HomeCoordinatorType.swift in Sources */,
				61DA89E729D8767900F98999 /* HomeCoordinator.swift in Sources */,
				61DA89B429D85A7C00F98999 /* SceneDelegate.swift in Sources */,
				61DA89F529D87F3900F98999 /* LotteryRepositoryType.swift in Sources */,
				61DA89E529D85C6700F98999 /* HomeViewController.swift in Sources */,
				61DA89EC29D87AA900F98999 /* Constant.swift in Sources */,
			);
			runOnlyForDeploymentPostprocessing = 0;
		};
		61DA89C029D85A7D00F98999 /* Sources */ = {
			isa = PBXSourcesBuildPhase;
			buildActionMask = 2147483647;
			files = (
				61DA8A0029D881A000F98999 /* HomeViewModelTests.swift in Sources */,
			);
			runOnlyForDeploymentPostprocessing = 0;
		};
/* End PBXSourcesBuildPhase section */

/* Begin PBXTargetDependency section */
		61DA89C629D85A7D00F98999 /* PBXTargetDependency */ = {
			isa = PBXTargetDependency;
			target = 61DA89AD29D85A7C00F98999 /* MVVMC-Demo */;
			targetProxy = 61DA89C529D85A7D00F98999 /* PBXContainerItemProxy */;
		};
/* End PBXTargetDependency section */

/* Begin PBXVariantGroup section */
		61DA89BC29D85A7D00F98999 /* LaunchScreen.storyboard */ = {
			isa = PBXVariantGroup;
			children = (
				61DA89BD29D85A7D00F98999 /* Base */,
			);
			name = LaunchScreen.storyboard;
			sourceTree = "<group>";
		};
/* End PBXVariantGroup section */

/* Begin XCBuildConfiguration section */
		61DA89D629D85A7D00F98999 /* Debug */ = {
			isa = XCBuildConfiguration;
			buildSettings = {
				ALWAYS_SEARCH_USER_PATHS = NO;
				CLANG_ANALYZER_NONNULL = YES;
				CLANG_ANALYZER_NUMBER_OBJECT_CONVERSION = YES_AGGRESSIVE;
				CLANG_CXX_LANGUAGE_STANDARD = "gnu++20";
				CLANG_ENABLE_MODULES = YES;
				CLANG_ENABLE_OBJC_ARC = YES;
				CLANG_ENABLE_OBJC_WEAK = YES;
				CLANG_WARN_BLOCK_CAPTURE_AUTORELEASING = YES;
				CLANG_WARN_BOOL_CONVERSION = YES;
				CLANG_WARN_COMMA = YES;
				CLANG_WARN_CONSTANT_CONVERSION = YES;
				CLANG_WARN_DEPRECATED_OBJC_IMPLEMENTATIONS = YES;
				CLANG_WARN_DIRECT_OBJC_ISA_USAGE = YES_ERROR;
				CLANG_WARN_DOCUMENTATION_COMMENTS = YES;
				CLANG_WARN_EMPTY_BODY = YES;
				CLANG_WARN_ENUM_CONVERSION = YES;
				CLANG_WARN_INFINITE_RECURSION = YES;
				CLANG_WARN_INT_CONVERSION = YES;
				CLANG_WARN_NON_LITERAL_NULL_CONVERSION = YES;
				CLANG_WARN_OBJC_IMPLICIT_RETAIN_SELF = YES;
				CLANG_WARN_OBJC_LITERAL_CONVERSION = YES;
				CLANG_WARN_OBJC_ROOT_CLASS = YES_ERROR;
				CLANG_WARN_QUOTED_INCLUDE_IN_FRAMEWORK_HEADER = YES;
				CLANG_WARN_RANGE_LOOP_ANALYSIS = YES;
				CLANG_WARN_STRICT_PROTOTYPES = YES;
				CLANG_WARN_SUSPICIOUS_MOVE = YES;
				CLANG_WARN_UNGUARDED_AVAILABILITY = YES_AGGRESSIVE;
				CLANG_WARN_UNREACHABLE_CODE = YES;
				CLANG_WARN__DUPLICATE_METHOD_MATCH = YES;
				COPY_PHASE_STRIP = NO;
				DEBUG_INFORMATION_FORMAT = dwarf;
				ENABLE_STRICT_OBJC_MSGSEND = YES;
				ENABLE_TESTABILITY = YES;
				GCC_C_LANGUAGE_STANDARD = gnu11;
				GCC_DYNAMIC_NO_PIC = NO;
				GCC_NO_COMMON_BLOCKS = YES;
				GCC_OPTIMIZATION_LEVEL = 0;
				GCC_PREPROCESSOR_DEFINITIONS = (
					"DEBUG=1",
					"$(inherited)",
				);
				GCC_WARN_64_TO_32_BIT_CONVERSION = YES;
				GCC_WARN_ABOUT_RETURN_TYPE = YES_ERROR;
				GCC_WARN_UNDECLARED_SELECTOR = YES;
				GCC_WARN_UNINITIALIZED_AUTOS = YES_AGGRESSIVE;
				GCC_WARN_UNUSED_FUNCTION = YES;
				GCC_WARN_UNUSED_VARIABLE = YES;
				IPHONEOS_DEPLOYMENT_TARGET = 16.2;
				MTL_ENABLE_DEBUG_INFO = INCLUDE_SOURCE;
				MTL_FAST_MATH = YES;
				ONLY_ACTIVE_ARCH = YES;
				SDKROOT = iphoneos;
				SWIFT_ACTIVE_COMPILATION_CONDITIONS = DEBUG;
				SWIFT_OPTIMIZATION_LEVEL = "-Onone";
			};
			name = Debug;
		};
		61DA89D729D85A7D00F98999 /* Release */ = {
			isa = XCBuildConfiguration;
			buildSettings = {
				ALWAYS_SEARCH_USER_PATHS = NO;
				CLANG_ANALYZER_NONNULL = YES;
				CLANG_ANALYZER_NUMBER_OBJECT_CONVERSION = YES_AGGRESSIVE;
				CLANG_CXX_LANGUAGE_STANDARD = "gnu++20";
				CLANG_ENABLE_MODULES = YES;
				CLANG_ENABLE_OBJC_ARC = YES;
				CLANG_ENABLE_OBJC_WEAK = YES;
				CLANG_WARN_BLOCK_CAPTURE_AUTORELEASING = YES;
				CLANG_WARN_BOOL_CONVERSION = YES;
				CLANG_WARN_COMMA = YES;
				CLANG_WARN_CONSTANT_CONVERSION = YES;
				CLANG_WARN_DEPRECATED_OBJC_IMPLEMENTATIONS = YES;
				CLANG_WARN_DIRECT_OBJC_ISA_USAGE = YES_ERROR;
				CLANG_WARN_DOCUMENTATION_COMMENTS = YES;
				CLANG_WARN_EMPTY_BODY = YES;
				CLANG_WARN_ENUM_CONVERSION = YES;
				CLANG_WARN_INFINITE_RECURSION = YES;
				CLANG_WARN_INT_CONVERSION = YES;
				CLANG_WARN_NON_LITERAL_NULL_CONVERSION = YES;
				CLANG_WARN_OBJC_IMPLICIT_RETAIN_SELF = YES;
				CLANG_WARN_OBJC_LITERAL_CONVERSION = YES;
				CLANG_WARN_OBJC_ROOT_CLASS = YES_ERROR;
				CLANG_WARN_QUOTED_INCLUDE_IN_FRAMEWORK_HEADER = YES;
				CLANG_WARN_RANGE_LOOP_ANALYSIS = YES;
				CLANG_WARN_STRICT_PROTOTYPES = YES;
				CLANG_WARN_SUSPICIOUS_MOVE = YES;
				CLANG_WARN_UNGUARDED_AVAILABILITY = YES_AGGRESSIVE;
				CLANG_WARN_UNREACHABLE_CODE = YES;
				CLANG_WARN__DUPLICATE_METHOD_MATCH = YES;
				COPY_PHASE_STRIP = NO;
				DEBUG_INFORMATION_FORMAT = "dwarf-with-dsym";
				ENABLE_NS_ASSERTIONS = NO;
				ENABLE_STRICT_OBJC_MSGSEND = YES;
				GCC_C_LANGUAGE_STANDARD = gnu11;
				GCC_NO_COMMON_BLOCKS = YES;
				GCC_WARN_64_TO_32_BIT_CONVERSION = YES;
				GCC_WARN_ABOUT_RETURN_TYPE = YES_ERROR;
				GCC_WARN_UNDECLARED_SELECTOR = YES;
				GCC_WARN_UNINITIALIZED_AUTOS = YES_AGGRESSIVE;
				GCC_WARN_UNUSED_FUNCTION = YES;
				GCC_WARN_UNUSED_VARIABLE = YES;
				IPHONEOS_DEPLOYMENT_TARGET = 16.2;
				MTL_ENABLE_DEBUG_INFO = NO;
				MTL_FAST_MATH = YES;
				SDKROOT = iphoneos;
				SWIFT_COMPILATION_MODE = wholemodule;
				SWIFT_OPTIMIZATION_LEVEL = "-O";
				VALIDATE_PRODUCT = YES;
			};
			name = Release;
		};
		61DA89D929D85A7D00F98999 /* Debug */ = {
			isa = XCBuildConfiguration;
			buildSettings = {
				ASSETCATALOG_COMPILER_APPICON_NAME = AppIcon;
				ASSETCATALOG_COMPILER_GLOBAL_ACCENT_COLOR_NAME = AccentColor;
				CODE_SIGN_STYLE = Automatic;
				CURRENT_PROJECT_VERSION = 1;
				DEVELOPMENT_TEAM = 25Q4Y7QB9R;
				GENERATE_INFOPLIST_FILE = YES;
				INFOPLIST_FILE = "MVVMC-Demo/Info.plist";
				INFOPLIST_KEY_UIApplicationSupportsIndirectInputEvents = YES;
				INFOPLIST_KEY_UILaunchStoryboardName = LaunchScreen;
				INFOPLIST_KEY_UISupportedInterfaceOrientations_iPad = "UIInterfaceOrientationPortrait UIInterfaceOrientationPortraitUpsideDown UIInterfaceOrientationLandscapeLeft UIInterfaceOrientationLandscapeRight";
				INFOPLIST_KEY_UISupportedInterfaceOrientations_iPhone = "UIInterfaceOrientationPortrait UIInterfaceOrientationLandscapeLeft UIInterfaceOrientationLandscapeRight";
				LD_RUNPATH_SEARCH_PATHS = (
					"$(inherited)",
					"@executable_path/Frameworks",
				);
				MARKETING_VERSION = 1.0;
				PRODUCT_BUNDLE_IDENTIFIER = "vince.MVVMC-Demo";
				PRODUCT_NAME = "$(TARGET_NAME)";
				SWIFT_EMIT_LOC_STRINGS = YES;
				SWIFT_VERSION = 5.0;
				TARGETED_DEVICE_FAMILY = "1,2";
			};
			name = Debug;
		};
		61DA89DA29D85A7D00F98999 /* Release */ = {
			isa = XCBuildConfiguration;
			buildSettings = {
				ASSETCATALOG_COMPILER_APPICON_NAME = AppIcon;
				ASSETCATALOG_COMPILER_GLOBAL_ACCENT_COLOR_NAME = AccentColor;
				CODE_SIGN_STYLE = Automatic;
				CURRENT_PROJECT_VERSION = 1;
				DEVELOPMENT_TEAM = 25Q4Y7QB9R;
				GENERATE_INFOPLIST_FILE = YES;
				INFOPLIST_FILE = "MVVMC-Demo/Info.plist";
				INFOPLIST_KEY_UIApplicationSupportsIndirectInputEvents = YES;
				INFOPLIST_KEY_UILaunchStoryboardName = LaunchScreen;
				INFOPLIST_KEY_UISupportedInterfaceOrientations_iPad = "UIInterfaceOrientationPortrait UIInterfaceOrientationPortraitUpsideDown UIInterfaceOrientationLandscapeLeft UIInterfaceOrientationLandscapeRight";
				INFOPLIST_KEY_UISupportedInterfaceOrientations_iPhone = "UIInterfaceOrientationPortrait UIInterfaceOrientationLandscapeLeft UIInterfaceOrientationLandscapeRight";
				LD_RUNPATH_SEARCH_PATHS = (
					"$(inherited)",
					"@executable_path/Frameworks",
				);
				MARKETING_VERSION = 1.0;
				PRODUCT_BUNDLE_IDENTIFIER = "vince.MVVMC-Demo";
				PRODUCT_NAME = "$(TARGET_NAME)";
				SWIFT_EMIT_LOC_STRINGS = YES;
				SWIFT_VERSION = 5.0;
				TARGETED_DEVICE_FAMILY = "1,2";
			};
			name = Release;
		};
		61DA89DC29D85A7D00F98999 /* Debug */ = {
			isa = XCBuildConfiguration;
			buildSettings = {
				ALWAYS_EMBED_SWIFT_STANDARD_LIBRARIES = YES;
				BUNDLE_LOADER = "$(TEST_HOST)";
				CODE_SIGN_STYLE = Automatic;
				CURRENT_PROJECT_VERSION = 1;
				DEVELOPMENT_TEAM = 25Q4Y7QB9R;
				GENERATE_INFOPLIST_FILE = YES;
				IPHONEOS_DEPLOYMENT_TARGET = 16.2;
				MARKETING_VERSION = 1.0;
				PRODUCT_BUNDLE_IDENTIFIER = "vince.MVVMC-DemoTests";
				PRODUCT_NAME = "$(TARGET_NAME)";
				SWIFT_EMIT_LOC_STRINGS = NO;
				SWIFT_VERSION = 5.0;
				TARGETED_DEVICE_FAMILY = "1,2";
				TEST_HOST = "$(BUILT_PRODUCTS_DIR)/MVVMC-Demo.app/$(BUNDLE_EXECUTABLE_FOLDER_PATH)/MVVMC-Demo";
			};
			name = Debug;
		};
		61DA89DD29D85A7D00F98999 /* Release */ = {
			isa = XCBuildConfiguration;
			buildSettings = {
				ALWAYS_EMBED_SWIFT_STANDARD_LIBRARIES = YES;
				BUNDLE_LOADER = "$(TEST_HOST)";
				CODE_SIGN_STYLE = Automatic;
				CURRENT_PROJECT_VERSION = 1;
				DEVELOPMENT_TEAM = 25Q4Y7QB9R;
				GENERATE_INFOPLIST_FILE = YES;
				IPHONEOS_DEPLOYMENT_TARGET = 16.2;
				MARKETING_VERSION = 1.0;
				PRODUCT_BUNDLE_IDENTIFIER = "vince.MVVMC-DemoTests";
				PRODUCT_NAME = "$(TARGET_NAME)";
				SWIFT_EMIT_LOC_STRINGS = NO;
				SWIFT_VERSION = 5.0;
				TARGETED_DEVICE_FAMILY = "1,2";
				TEST_HOST = "$(BUILT_PRODUCTS_DIR)/MVVMC-Demo.app/$(BUNDLE_EXECUTABLE_FOLDER_PATH)/MVVMC-Demo";
			};
			name = Release;
		};
/* End XCBuildConfiguration section */

/* Begin XCConfigurationList section */
		61DA89A929D85A7C00F98999 /* Build configuration list for PBXProject "MVVMC-Demo" */ = {
			isa = XCConfigurationList;
			buildConfigurations = (
				61DA89D629D85A7D00F98999 /* Debug */,
				61DA89D729D85A7D00F98999 /* Release */,
			);
			defaultConfigurationIsVisible = 0;
			defaultConfigurationName = Release;
		};
		61DA89D829D85A7D00F98999 /* Build configuration list for PBXNativeTarget "MVVMC-Demo" */ = {
			isa = XCConfigurationList;
			buildConfigurations = (
				61DA89D929D85A7D00F98999 /* Debug */,
				61DA89DA29D85A7D00F98999 /* Release */,
			);
			defaultConfigurationIsVisible = 0;
			defaultConfigurationName = Release;
		};
		61DA89DB29D85A7D00F98999 /* Build configuration list for PBXNativeTarget "MVVMC-DemoTests" */ = {
			isa = XCConfigurationList;
			buildConfigurations = (
				61DA89DC29D85A7D00F98999 /* Debug */,
				61DA89DD29D85A7D00F98999 /* Release */,
			);
			defaultConfigurationIsVisible = 0;
			defaultConfigurationName = Release;
		};
/* End XCConfigurationList section */
	};
	rootObject = 61DA89A629D85A7C00F98999 /* Project object */;
}
