// !$*UTF8*$!
{
	archiveVersion = 1;
	classes = {
	};
	objectVersion = 56;
	objects = {

/* Begin PBXBuildFile section */
		61DA89B229D85A7C00F98999 /* AppDelegate.swift in Sources */ = {isa = PBXBuildFile; fileRef = 61DA89B129D85A7C00F98999 /* AppDelegate.swift */; };
		61DA89B429D85A7C00F98999 /* SceneDelegate.swift in Sources */ = {isa = PBXBuildFile; fileRef = 61DA89B329D85A7C00F98999 /* SceneDelegate.swift */; };
		61DA89B629D85A7C00F98999 /* ViewController.swift in Sources */ = {isa = PBXBuildFile; fileRef = 61DA89B529D85A7C00F98999 /* ViewController.swift */; };
		61DA89B929D85A7C00F98999 /* Main.storyboard in Resources */ = {isa = PBXBuildFile; fileRef = 61DA89B729D85A7C00F98999 /* Main.storyboard */; };
		61DA89BB29D85A7D00F98999 /* Assets.xcassets in Resources */ = {isa = PBXBuildFile; fileRef = 61DA89BA29D85A7D00F98999 /* Assets.xcassets */; };
		61DA89BE29D85A7D00F98999 /* LaunchScreen.storyboard in Resources */ = {isa = PBXBuildFile; fileRef = 61DA89BC29D85A7D00F98999 /* LaunchScreen.storyboard */; };
		61DA89C929D85A7D00F98999 /* MVVMC_DemoTests.swift in Sources */ = {isa = PBXBuildFile; fileRef = 61DA89C829D85A7D00F98999 /* MVVMC_DemoTests.swift */; };
		61DA89D329D85A7D00F98999 /* MVVMC_DemoUITests.swift in Sources */ = {isa = PBXBuildFile; fileRef = 61DA89D229D85A7D00F98999 /* MVVMC_DemoUITests.swift */; };
		61DA89D529D85A7D00F98999 /* MVVMC_DemoUITestsLaunchTests.swift in Sources */ = {isa = PBXBuildFile; fileRef = 61DA89D429D85A7D00F98999 /* MVVMC_DemoUITestsLaunchTests.swift */; };
/* End PBXBuildFile section */

/* Begin PBXContainerItemProxy section */
		61DA89C529D85A7D00F98999 /* PBXContainerItemProxy */ = {
			isa = PBXContainerItemProxy;
			containerPortal = 61DA89A629D85A7C00F98999 /* Project object */;
			proxyType = 1;
			remoteGlobalIDString = 61DA89AD29D85A7C00F98999;
			remoteInfo = "MVVMC-Demo";
		};
		61DA89CF29D85A7D00F98999 /* PBXContainerItemProxy */ = {
			isa = PBXContainerItemProxy;
			containerPortal = 61DA89A629D85A7C00F98999 /* Project object */;
			proxyType = 1;
			remoteGlobalIDString = 61DA89AD29D85A7C00F98999;
			remoteInfo = "MVVMC-Demo";
		};
/* End PBXContainerItemProxy section */

/* Begin PBXFileReference section */
		61DA89AE29D85A7C00F98999 /* MVVMC-Demo.app */ = {isa = PBXFileReference; explicitFileType = wrapper.application; includeInIndex = 0; path = "MVVMC-Demo.app"; sourceTree = BUILT_PRODUCTS_DIR; };
		61DA89B129D85A7C00F98999 /* AppDelegate.swift */ = {isa = PBXFileReference; lastKnownFileType = sourcecode.swift; path = AppDelegate.swift; sourceTree = "<group>"; };
		61DA89B329D85A7C00F98999 /* SceneDelegate.swift */ = {isa = PBXFileReference; lastKnownFileType = sourcecode.swift; path = SceneDelegate.swift; sourceTree = "<group>"; };
		61DA89B529D85A7C00F98999 /* ViewController.swift */ = {isa = PBXFileReference; lastKnownFileType = sourcecode.swift; path = ViewController.swift; sourceTree = "<group>"; };
		61DA89B829D85A7C00F98999 /* Base */ = {isa = PBXFileReference; lastKnownFileType = file.storyboard; name = Base; path = Base.lproj/Main.storyboard; sourceTree = "<group>"; };
		61DA89BA29D85A7D00F98999 /* Assets.xcassets */ = {isa = PBXFileReference; lastKnownFileType = folder.assetcatalog; path = Assets.xcassets; sourceTree = "<group>"; };
		61DA89BD29D85A7D00F98999 /* Base */ = {isa = PBXFileReference; lastKnownFileType = file.storyboard; name = Base; path = Base.lproj/LaunchScreen.storyboard; sourceTree = "<group>"; };
		61DA89BF29D85A7D00F98999 /* Info.plist */ = {isa = PBXFileReference; lastKnownFileType = text.plist.xml; path = Info.plist; sourceTree = "<group>"; };
		61DA89C429D85A7D00F98999 /* MVVMC-DemoTests.xctest */ = {isa = PBXFileReference; explicitFileType = wrapper.cfbundle; includeInIndex = 0; path = "MVVMC-DemoTests.xctest"; sourceTree = BUILT_PRODUCTS_DIR; };
		61DA89C829D85A7D00F98999 /* MVVMC_DemoTests.swift */ = {isa = PBXFileReference; lastKnownFileType = sourcecode.swift; path = MVVMC_DemoTests.swift; sourceTree = "<group>"; };
		61DA89CE29D85A7D00F98999 /* MVVMC-DemoUITests.xctest */ = {isa = PBXFileReference; explicitFileType = wrapper.cfbundle; includeInIndex = 0; path = "MVVMC-DemoUITests.xctest"; sourceTree = BUILT_PRODUCTS_DIR; };
		61DA89D229D85A7D00F98999 /* MVVMC_DemoUITests.swift */ = {isa = PBXFileReference; lastKnownFileType = sourcecode.swift; path = MVVMC_DemoUITests.swift; sourceTree = "<group>"; };
		61DA89D429D85A7D00F98999 /* MVVMC_DemoUITestsLaunchTests.swift */ = {isa = PBXFileReference; lastKnownFileType = sourcecode.swift; path = MVVMC_DemoUITestsLaunchTests.swift; sourceTree = "<group>"; };
/* End PBXFileReference section */

/* Begin PBXFrameworksBuildPhase section */
		61DA89AB29D85A7C00F98999 /* Frameworks */ = {
			isa = PBXFrameworksBuildPhase;
			buildActionMask = 2147483647;
			files = (
			);
			runOnlyForDeploymentPostprocessing = 0;
		};
		61DA89C129D85A7D00F98999 /* Frameworks */ = {
			isa = PBXFrameworksBuildPhase;
			buildActionMask = 2147483647;
			files = (
			);
			runOnlyForDeploymentPostprocessing = 0;
		};
		61DA89CB29D85A7D00F98999 /* Frameworks */ = {
			isa = PBXFrameworksBuildPhase;
			buildActionMask = 2147483647;
			files = (
			);
			runOnlyForDeploymentPostprocessing = 0;
		};
/* End PBXFrameworksBuildPhase section */

/* Begin PBXGroup section */
		61DA89A529D85A7C00F98999 = {
			isa = PBXGroup;
			children = (
				61DA89B029D85A7C00F98999 /* MVVMC-Demo */,
				61DA89C729D85A7D00F98999 /* MVVMC-DemoTests */,
				61DA89D129D85A7D00F98999 /* MVVMC-DemoUITests */,
				61DA89AF29D85A7C00F98999 /* Products */,
			);
			sourceTree = "<group>";
		};
		61DA89AF29D85A7C00F98999 /* Products */ = {
			isa = PBXGroup;
			children = (
				61DA89AE29D85A7C00F98999 /* MVVMC-Demo.app */,
				61DA89C429D85A7D00F98999 /* MVVMC-DemoTests.xctest */,
				61DA89CE29D85A7D00F98999 /* MVVMC-DemoUITests.xctest */,
			);
			name = Products;
			sourceTree = "<group>";
		};
		61DA89B029D85A7C00F98999 /* MVVMC-Demo */ = {
			isa = PBXGroup;
			children = (
				61DA89B129D85A7C00F98999 /* AppDelegate.swift */,
				61DA89B329D85A7C00F98999 /* SceneDelegate.swift */,
				61DA89B529D85A7C00F98999 /* ViewController.swift */,
				61DA89B729D85A7C00F98999 /* Main.storyboard */,
				61DA89BA29D85A7D00F98999 /* Assets.xcassets */,
				61DA89BC29D85A7D00F98999 /* LaunchScreen.storyboard */,
				61DA89BF29D85A7D00F98999 /* Info.plist */,
			);
			path = "MVVMC-Demo";
			sourceTree = "<group>";
		};
		61DA89C729D85A7D00F98999 /* MVVMC-DemoTests */ = {
			isa = PBXGroup;
			children = (
				61DA89C829D85A7D00F98999 /* MVVMC_DemoTests.swift */,
			);
			path = "MVVMC-DemoTests";
			sourceTree = "<group>";
		};
		61DA89D129D85A7D00F98999 /* MVVMC-DemoUITests */ = {
			isa = PBXGroup;
			children = (
				61DA89D229D85A7D00F98999 /* MVVMC_DemoUITests.swift */,
				61DA89D429D85A7D00F98999 /* MVVMC_DemoUITestsLaunchTests.swift */,
			);
			path = "MVVMC-DemoUITests";
			sourceTree = "<group>";
		};
/* End PBXGroup section */

/* Begin PBXNativeTarget section */
		61DA89AD29D85A7C00F98999 /* MVVMC-Demo */ = {
			isa = PBXNativeTarget;
			buildConfigurationList = 61DA89D829D85A7D00F98999 /* Build configuration list for PBXNativeTarget "MVVMC-Demo" */;
			buildPhases = (
				61DA89AA29D85A7C00F98999 /* Sources */,
				61DA89AB29D85A7C00F98999 /* Frameworks */,
				61DA89AC29D85A7C00F98999 /* Resources */,
			);
			buildRules = (
			);
			dependencies = (
			);
			name = "MVVMC-Demo";
			productName = "MVVMC-Demo";
			productReference = 61DA89AE29D85A7C00F98999 /* MVVMC-Demo.app */;
			productType = "com.apple.product-type.application";
		};
		61DA89C329D85A7D00F98999 /* MVVMC-DemoTests */ = {
			isa = PBXNativeTarget;
			buildConfigurationList = 61DA89DB29D85A7D00F98999 /* Build configuration list for PBXNativeTarget "MVVMC-DemoTests" */;
			buildPhases = (
				61DA89C029D85A7D00F98999 /* Sources */,
				61DA89C129D85A7D00F98999 /* Frameworks */,
				61DA89C229D85A7D00F98999 /* Resources */,
			);
			buildRules = (
			);
			dependencies = (
				61DA89C629D85A7D00F98999 /* PBXTargetDependency */,
			);
			name = "MVVMC-DemoTests";
			productName = "MVVMC-DemoTests";
			productReference = 61DA89C429D85A7D00F98999 /* MVVMC-DemoTests.xctest */;
			productType = "com.apple.product-type.bundle.unit-test";
		};
		61DA89CD29D85A7D00F98999 /* MVVMC-DemoUITests */ = {
			isa = PBXNativeTarget;
			buildConfigurationList = 61DA89DE29D85A7D00F98999 /* Build configuration list for PBXNativeTarget "MVVMC-DemoUITests" */;
			buildPhases = (
				61DA89CA29D85A7D00F98999 /* Sources */,
				61DA89CB29D85A7D00F98999 /* Frameworks */,
				61DA89CC29D85A7D00F98999 /* Resources */,
			);
			buildRules = (
			);
			dependencies = (
				61DA89D029D85A7D00F98999 /* PBXTargetDependency */,
			);
			name = "MVVMC-DemoUITests";
			productName = "MVVMC-DemoUITests";
			productReference = 61DA89CE29D85A7D00F98999 /* MVVMC-DemoUITests.xctest */;
			productType = "com.apple.product-type.bundle.ui-testing";
		};
/* End PBXNativeTarget section */

/* Begin PBXProject section */
		61DA89A629D85A7C00F98999 /* Project object */ = {
			isa = PBXProject;
			attributes = {
				BuildIndependentTargetsInParallel = 1;
				LastSwiftUpdateCheck = 1420;
				LastUpgradeCheck = 1420;
				TargetAttributes = {
					61DA89AD29D85A7C00F98999 = {
						CreatedOnToolsVersion = 14.2;
					};
					61DA89C329D85A7D00F98999 = {
						CreatedOnToolsVersion = 14.2;
						TestTargetID = 61DA89AD29D85A7C00F98999;
					};
					61DA89CD29D85A7D00F98999 = {
						CreatedOnToolsVersion = 14.2;
						TestTargetID = 61DA89AD29D85A7C00F98999;
					};
				};
			};
			buildConfigurationList = 61DA89A929D85A7C00F98999 /* Build configuration list for PBXProject "MVVMC-Demo" */;
			compatibilityVersion = "Xcode 14.0";
			developmentRegion = en;
			hasScannedForEncodings = 0;
			knownRegions = (
				en,
				Base,
			);
			mainGroup = 61DA89A529D85A7C00F98999;
			productRefGroup = 61DA89AF29D85A7C00F98999 /* Products */;
			projectDirPath = "";
			projectRoot = "";
			targets = (
				61DA89AD29D85A7C00F98999 /* MVVMC-Demo */,
				61DA89C329D85A7D00F98999 /* MVVMC-DemoTests */,
				61DA89CD29D85A7D00F98999 /* MVVMC-DemoUITests */,
			);
		};
/* End PBXProject section */

/* Begin PBXResourcesBuildPhase section */
		61DA89AC29D85A7C00F98999 /* Resources */ = {
			isa = PBXResourcesBuildPhase;
			buildActionMask = 2147483647;
			files = (
				61DA89BE29D85A7D00F98999 /* LaunchScreen.storyboard in Resources */,
				61DA89BB29D85A7D00F98999 /* Assets.xcassets in Resources */,
				61DA89B929D85A7C00F98999 /* Main.storyboard in Resources */,
			);
			runOnlyForDeploymentPostprocessing = 0;
		};
		61DA89C229D85A7D00F98999 /* Resources */ = {
			isa = PBXResourcesBuildPhase;
			buildActionMask = 2147483647;
			files = (
			);
			runOnlyForDeploymentPostprocessing = 0;
		};
		61DA89CC29D85A7D00F98999 /* Resources */ = {
			isa = PBXResourcesBuildPhase;
			buildActionMask = 2147483647;
			files = (
			);
			runOnlyForDeploymentPostprocessing = 0;
		};
/* End PBXResourcesBuildPhase section */

/* Begin PBXSourcesBuildPhase section */
		61DA89AA29D85A7C00F98999 /* Sources */ = {
			isa = PBXSourcesBuildPhase;
			buildActionMask = 2147483647;
			files = (
				61DA89B629D85A7C00F98999 /* ViewController.swift in Sources */,
				61DA89B229D85A7C00F98999 /* AppDelegate.swift in Sources */,
				61DA89B429D85A7C00F98999 /* SceneDelegate.swift in Sources */,
			);
			runOnlyForDeploymentPostprocessing = 0;
		};
		61DA89C029D85A7D00F98999 /* Sources */ = {
			isa = PBXSourcesBuildPhase;
			buildActionMask = 2147483647;
			files = (
				61DA89C929D85A7D00F98999 /* MVVMC_DemoTests.swift in Sources */,
			);
			runOnlyForDeploymentPostprocessing = 0;
		};
		61DA89CA29D85A7D00F98999 /* Sources */ = {
			isa = PBXSourcesBuildPhase;
			buildActionMask = 2147483647;
			files = (
				61DA89D329D85A7D00F98999 /* MVVMC_DemoUITests.swift in Sources */,
				61DA89D529D85A7D00F98999 /* MVVMC_DemoUITestsLaunchTests.swift in Sources */,
			);
			runOnlyForDeploymentPostprocessing = 0;
		};
/* End PBXSourcesBuildPhase section */

/* Begin PBXTargetDependency section */
		61DA89C629D85A7D00F98999 /* PBXTargetDependency */ = {
			isa = PBXTargetDependency;
			target = 61DA89AD29D85A7C00F98999 /* MVVMC-Demo */;
			targetProxy = 61DA89C529D85A7D00F98999 /* PBXContainerItemProxy */;
		};
		61DA89D029D85A7D00F98999 /* PBXTargetDependency */ = {
			isa = PBXTargetDependency;
			target = 61DA89AD29D85A7C00F98999 /* MVVMC-Demo */;
			targetProxy = 61DA89CF29D85A7D00F98999 /* PBXContainerItemProxy */;
		};
/* End PBXTargetDependency section */

/* Begin PBXVariantGroup section */
		61DA89B729D85A7C00F98999 /* Main.storyboard */ = {
			isa = PBXVariantGroup;
			children = (
				61DA89B829D85A7C00F98999 /* Base */,
			);
			name = Main.storyboard;
			sourceTree = "<group>";
		};
		61DA89BC29D85A7D00F98999 /* LaunchScreen.storyboard */ = {
			isa = PBXVariantGroup;
			children = (
				61DA89BD29D85A7D00F98999 /* Base */,
			);
			name = LaunchScreen.storyboard;
			sourceTree = "<group>";
		};
/* End PBXVariantGroup section */

/* Begin XCBuildConfiguration section */
		61DA89D629D85A7D00F98999 /* Debug */ = {
			isa = XCBuildConfiguration;
			buildSettings = {
				ALWAYS_SEARCH_USER_PATHS = NO;
				CLANG_ANALYZER_NONNULL = YES;
				CLANG_ANALYZER_NUMBER_OBJECT_CONVERSION = YES_AGGRESSIVE;
				CLANG_CXX_LANGUAGE_STANDARD = "gnu++20";
				CLANG_ENABLE_MODULES = YES;
				CLANG_ENABLE_OBJC_ARC = YES;
				CLANG_ENABLE_OBJC_WEAK = YES;
				CLANG_WARN_BLOCK_CAPTURE_AUTORELEASING = YES;
				CLANG_WARN_BOOL_CONVERSION = YES;
				CLANG_WARN_COMMA = YES;
				CLANG_WARN_CONSTANT_CONVERSION = YES;
				CLANG_WARN_DEPRECATED_OBJC_IMPLEMENTATIONS = YES;
				CLANG_WARN_DIRECT_OBJC_ISA_USAGE = YES_ERROR;
				CLANG_WARN_DOCUMENTATION_COMMENTS = YES;
				CLANG_WARN_EMPTY_BODY = YES;
				CLANG_WARN_ENUM_CONVERSION = YES;
				CLANG_WARN_INFINITE_RECURSION = YES;
				CLANG_WARN_INT_CONVERSION = YES;
				CLANG_WARN_NON_LITERAL_NULL_CONVERSION = YES;
				CLANG_WARN_OBJC_IMPLICIT_RETAIN_SELF = YES;
				CLANG_WARN_OBJC_LITERAL_CONVERSION = YES;
				CLANG_WARN_OBJC_ROOT_CLASS = YES_ERROR;
				CLANG_WARN_QUOTED_INCLUDE_IN_FRAMEWORK_HEADER = YES;
				CLANG_WARN_RANGE_LOOP_ANALYSIS = YES;
				CLANG_WARN_STRICT_PROTOTYPES = YES;
				CLANG_WARN_SUSPICIOUS_MOVE = YES;
				CLANG_WARN_UNGUARDED_AVAILABILITY = YES_AGGRESSIVE;
				CLANG_WARN_UNREACHABLE_CODE = YES;
				CLANG_WARN__DUPLICATE_METHOD_MATCH = YES;
				COPY_PHASE_STRIP = NO;
				DEBUG_INFORMATION_FORMAT = dwarf;
				ENABLE_STRICT_OBJC_MSGSEND = YES;
				ENABLE_TESTABILITY = YES;
				GCC_C_LANGUAGE_STANDARD = gnu11;
				GCC_DYNAMIC_NO_PIC = NO;
				GCC_NO_COMMON_BLOCKS = YES;
				GCC_OPTIMIZATION_LEVEL = 0;
				GCC_PREPROCESSOR_DEFINITIONS = (
					"DEBUG=1",
					"$(inherited)",
				);
				GCC_WARN_64_TO_32_BIT_CONVERSION = YES;
				GCC_WARN_ABOUT_RETURN_TYPE = YES_ERROR;
				GCC_WARN_UNDECLARED_SELECTOR = YES;
				GCC_WARN_UNINITIALIZED_AUTOS = YES_AGGRESSIVE;
				GCC_WARN_UNUSED_FUNCTION = YES;
				GCC_WARN_UNUSED_VARIABLE = YES;
				IPHONEOS_DEPLOYMENT_TARGET = 16.2;
				MTL_ENABLE_DEBUG_INFO = INCLUDE_SOURCE;
				MTL_FAST_MATH = YES;
				ONLY_ACTIVE_ARCH = YES;
				SDKROOT = iphoneos;
				SWIFT_ACTIVE_COMPILATION_CONDITIONS = DEBUG;
				SWIFT_OPTIMIZATION_LEVEL = "-Onone";
			};
			name = Debug;
		};
		61DA89D729D85A7D00F98999 /* Release */ = {
			isa = XCBuildConfiguration;
			buildSettings = {
				ALWAYS_SEARCH_USER_PATHS = NO;
				CLANG_ANALYZER_NONNULL = YES;
				CLANG_ANALYZER_NUMBER_OBJECT_CONVERSION = YES_AGGRESSIVE;
				CLANG_CXX_LANGUAGE_STANDARD = "gnu++20";
				CLANG_ENABLE_MODULES = YES;
				CLANG_ENABLE_OBJC_ARC = YES;
				CLANG_ENABLE_OBJC_WEAK = YES;
				CLANG_WARN_BLOCK_CAPTURE_AUTORELEASING = YES;
				CLANG_WARN_BOOL_CONVERSION = YES;
				CLANG_WARN_COMMA = YES;
				CLANG_WARN_CONSTANT_CONVERSION = YES;
				CLANG_WARN_DEPRECATED_OBJC_IMPLEMENTATIONS = YES;
				CLANG_WARN_DIRECT_OBJC_ISA_USAGE = YES_ERROR;
				CLANG_WARN_DOCUMENTATION_COMMENTS = YES;
				CLANG_WARN_EMPTY_BODY = YES;
				CLANG_WARN_ENUM_CONVERSION = YES;
				CLANG_WARN_INFINITE_RECURSION = YES;
				CLANG_WARN_INT_CONVERSION = YES;
				CLANG_WARN_NON_LITERAL_NULL_CONVERSION = YES;
				CLANG_WARN_OBJC_IMPLICIT_RETAIN_SELF = YES;
				CLANG_WARN_OBJC_LITERAL_CONVERSION = YES;
				CLANG_WARN_OBJC_ROOT_CLASS = YES_ERROR;
				CLANG_WARN_QUOTED_INCLUDE_IN_FRAMEWORK_HEADER = YES;
				CLANG_WARN_RANGE_LOOP_ANALYSIS = YES;
				CLANG_WARN_STRICT_PROTOTYPES = YES;
				CLANG_WARN_SUSPICIOUS_MOVE = YES;
				CLANG_WARN_UNGUARDED_AVAILABILITY = YES_AGGRESSIVE;
				CLANG_WARN_UNREACHABLE_CODE = YES;
				CLANG_WARN__DUPLICATE_METHOD_MATCH = YES;
				COPY_PHASE_STRIP = NO;
				DEBUG_INFORMATION_FORMAT = "dwarf-with-dsym";
				ENABLE_NS_ASSERTIONS = NO;
				ENABLE_STRICT_OBJC_MSGSEND = YES;
				GCC_C_LANGUAGE_STANDARD = gnu11;
				GCC_NO_COMMON_BLOCKS = YES;
				GCC_WARN_64_TO_32_BIT_CONVERSION = YES;
				GCC_WARN_ABOUT_RETURN_TYPE = YES_ERROR;
				GCC_WARN_UNDECLARED_SELECTOR = YES;
				GCC_WARN_UNINITIALIZED_AUTOS = YES_AGGRESSIVE;
				GCC_WARN_UNUSED_FUNCTION = YES;
				GCC_WARN_UNUSED_VARIABLE = YES;
				IPHONEOS_DEPLOYMENT_TARGET = 16.2;
				MTL_ENABLE_DEBUG_INFO = NO;
				MTL_FAST_MATH = YES;
				SDKROOT = iphoneos;
				SWIFT_COMPILATION_MODE = wholemodule;
				SWIFT_OPTIMIZATION_LEVEL = "-O";
				VALIDATE_PRODUCT = YES;
			};
			name = Release;
		};
		61DA89D929D85A7D00F98999 /* Debug */ = {
			isa = XCBuildConfiguration;
			buildSettings = {
				ASSETCATALOG_COMPILER_APPICON_NAME = AppIcon;
				ASSETCATALOG_COMPILER_GLOBAL_ACCENT_COLOR_NAME = AccentColor;
				CODE_SIGN_STYLE = Automatic;
				CURRENT_PROJECT_VERSION = 1;
				DEVELOPMENT_TEAM = 25Q4Y7QB9R;
				GENERATE_INFOPLIST_FILE = YES;
				INFOPLIST_FILE = "MVVMC-Demo/Info.plist";
				INFOPLIST_KEY_UIApplicationSupportsIndirectInputEvents = YES;
				INFOPLIST_KEY_UILaunchStoryboardName = LaunchScreen;
				INFOPLIST_KEY_UIMainStoryboardFile = Main;
				INFOPLIST_KEY_UISupportedInterfaceOrientations_iPad = "UIInterfaceOrientationPortrait UIInterfaceOrientationPortraitUpsideDown UIInterfaceOrientationLandscapeLeft UIInterfaceOrientationLandscapeRight";
				INFOPLIST_KEY_UISupportedInterfaceOrientations_iPhone = "UIInterfaceOrientationPortrait UIInterfaceOrientationLandscapeLeft UIInterfaceOrientationLandscapeRight";
				LD_RUNPATH_SEARCH_PATHS = (
					"$(inherited)",
					"@executable_path/Frameworks",
				);
				MARKETING_VERSION = 1.0;
				PRODUCT_BUNDLE_IDENTIFIER = "vince.MVVMC-Demo";
				PRODUCT_NAME = "$(TARGET_NAME)";
				SWIFT_EMIT_LOC_STRINGS = YES;
				SWIFT_VERSION = 5.0;
				TARGETED_DEVICE_FAMILY = "1,2";
			};
			name = Debug;
		};
		61DA89DA29D85A7D00F98999 /* Release */ = {
			isa = XCBuildConfiguration;
			buildSettings = {
				ASSETCATALOG_COMPILER_APPICON_NAME = AppIcon;
				ASSETCATALOG_COMPILER_GLOBAL_ACCENT_COLOR_NAME = AccentColor;
				CODE_SIGN_STYLE = Automatic;
				CURRENT_PROJECT_VERSION = 1;
				DEVELOPMENT_TEAM = 25Q4Y7QB9R;
				GENERATE_INFOPLIST_FILE = YES;
				INFOPLIST_FILE = "MVVMC-Demo/Info.plist";
				INFOPLIST_KEY_UIApplicationSupportsIndirectInputEvents = YES;
				INFOPLIST_KEY_UILaunchStoryboardName = LaunchScreen;
				INFOPLIST_KEY_UIMainStoryboardFile = Main;
				INFOPLIST_KEY_UISupportedInterfaceOrientations_iPad = "UIInterfaceOrientationPortrait UIInterfaceOrientationPortraitUpsideDown UIInterfaceOrientationLandscapeLeft UIInterfaceOrientationLandscapeRight";
				INFOPLIST_KEY_UISupportedInterfaceOrientations_iPhone = "UIInterfaceOrientationPortrait UIInterfaceOrientationLandscapeLeft UIInterfaceOrientationLandscapeRight";
				LD_RUNPATH_SEARCH_PATHS = (
					"$(inherited)",
					"@executable_path/Frameworks",
				);
				MARKETING_VERSION = 1.0;
				PRODUCT_BUNDLE_IDENTIFIER = "vince.MVVMC-Demo";
				PRODUCT_NAME = "$(TARGET_NAME)";
				SWIFT_EMIT_LOC_STRINGS = YES;
				SWIFT_VERSION = 5.0;
				TARGETED_DEVICE_FAMILY = "1,2";
			};
			name = Release;
		};
		61DA89DC29D85A7D00F98999 /* Debug */ = {
			isa = XCBuildConfiguration;
			buildSettings = {
				ALWAYS_EMBED_SWIFT_STANDARD_LIBRARIES = YES;
				BUNDLE_LOADER = "$(TEST_HOST)";
				CODE_SIGN_STYLE = Automatic;
				CURRENT_PROJECT_VERSION = 1;
				DEVELOPMENT_TEAM = 25Q4Y7QB9R;
				GENERATE_INFOPLIST_FILE = YES;
				IPHONEOS_DEPLOYMENT_TARGET = 16.2;
				MARKETING_VERSION = 1.0;
				PRODUCT_BUNDLE_IDENTIFIER = "vince.MVVMC-DemoTests";
				PRODUCT_NAME = "$(TARGET_NAME)";
				SWIFT_EMIT_LOC_STRINGS = NO;
				SWIFT_VERSION = 5.0;
				TARGETED_DEVICE_FAMILY = "1,2";
				TEST_HOST = "$(BUILT_PRODUCTS_DIR)/MVVMC-Demo.app/$(BUNDLE_EXECUTABLE_FOLDER_PATH)/MVVMC-Demo";
			};
			name = Debug;
		};
		61DA89DD29D85A7D00F98999 /* Release */ = {
			isa = XCBuildConfiguration;
			buildSettings = {
				ALWAYS_EMBED_SWIFT_STANDARD_LIBRARIES = YES;
				BUNDLE_LOADER = "$(TEST_HOST)";
				CODE_SIGN_STYLE = Automatic;
				CURRENT_PROJECT_VERSION = 1;
				DEVELOPMENT_TEAM = 25Q4Y7QB9R;
				GENERATE_INFOPLIST_FILE = YES;
				IPHONEOS_DEPLOYMENT_TARGET = 16.2;
				MARKETING_VERSION = 1.0;
				PRODUCT_BUNDLE_IDENTIFIER = "vince.MVVMC-DemoTests";
				PRODUCT_NAME = "$(TARGET_NAME)";
				SWIFT_EMIT_LOC_STRINGS = NO;
				SWIFT_VERSION = 5.0;
				TARGETED_DEVICE_FAMILY = "1,2";
				TEST_HOST = "$(BUILT_PRODUCTS_DIR)/MVVMC-Demo.app/$(BUNDLE_EXECUTABLE_FOLDER_PATH)/MVVMC-Demo";
			};
			name = Release;
		};
		61DA89DF29D85A7D00F98999 /* Debug */ = {
			isa = XCBuildConfiguration;
			buildSettings = {
				ALWAYS_EMBED_SWIFT_STANDARD_LIBRARIES = YES;
				CODE_SIGN_STYLE = Automatic;
				CURRENT_PROJECT_VERSION = 1;
				DEVELOPMENT_TEAM = 25Q4Y7QB9R;
				GENERATE_INFOPLIST_FILE = YES;
				MARKETING_VERSION = 1.0;
				PRODUCT_BUNDLE_IDENTIFIER = "vince.MVVMC-DemoUITests";
				PRODUCT_NAME = "$(TARGET_NAME)";
				SWIFT_EMIT_LOC_STRINGS = NO;
				SWIFT_VERSION = 5.0;
				TARGETED_DEVICE_FAMILY = "1,2";
				TEST_TARGET_NAME = "MVVMC-Demo";
			};
			name = Debug;
		};
		61DA89E029D85A7D00F98999 /* Release */ = {
			isa = XCBuildConfiguration;
			buildSettings = {
				ALWAYS_EMBED_SWIFT_STANDARD_LIBRARIES = YES;
				CODE_SIGN_STYLE = Automatic;
				CURRENT_PROJECT_VERSION = 1;
				DEVELOPMENT_TEAM = 25Q4Y7QB9R;
				GENERATE_INFOPLIST_FILE = YES;
				MARKETING_VERSION = 1.0;
				PRODUCT_BUNDLE_IDENTIFIER = "vince.MVVMC-DemoUITests";
				PRODUCT_NAME = "$(TARGET_NAME)";
				SWIFT_EMIT_LOC_STRINGS = NO;
				SWIFT_VERSION = 5.0;
				TARGETED_DEVICE_FAMILY = "1,2";
				TEST_TARGET_NAME = "MVVMC-Demo";
			};
			name = Release;
		};
/* End XCBuildConfiguration section */

/* Begin XCConfigurationList section */
		61DA89A929D85A7C00F98999 /* Build configuration list for PBXProject "MVVMC-Demo" */ = {
			isa = XCConfigurationList;
			buildConfigurations = (
				61DA89D629D85A7D00F98999 /* Debug */,
				61DA89D729D85A7D00F98999 /* Release */,
			);
			defaultConfigurationIsVisible = 0;
			defaultConfigurationName = Release;
		};
		61DA89D829D85A7D00F98999 /* Build configuration list for PBXNativeTarget "MVVMC-Demo" */ = {
			isa = XCConfigurationList;
			buildConfigurations = (
				61DA89D929D85A7D00F98999 /* Debug */,
				61DA89DA29D85A7D00F98999 /* Release */,
			);
			defaultConfigurationIsVisible = 0;
			defaultConfigurationName = Release;
		};
		61DA89DB29D85A7D00F98999 /* Build configuration list for PBXNativeTarget "MVVMC-DemoTests" */ = {
			isa = XCConfigurationList;
			buildConfigurations = (
				61DA89DC29D85A7D00F98999 /* Debug */,
				61DA89DD29D85A7D00F98999 /* Release */,
			);
			defaultConfigurationIsVisible = 0;
			defaultConfigurationName = Release;
		};
		61DA89DE29D85A7D00F98999 /* Build configuration list for PBXNativeTarget "MVVMC-DemoUITests" */ = {
			isa = XCConfigurationList;
			buildConfigurations = (
				61DA89DF29D85A7D00F98999 /* Debug */,
				61DA89E029D85A7D00F98999 /* Release */,
			);
			defaultConfigurationIsVisible = 0;
			defaultConfigurationName = Release;
		};
/* End XCConfigurationList section */
	};
	rootObject = 61DA89A629D85A7C00F98999 /* Project object */;
}
